
Microsoft Visual Studio Solution File, Format Version 12.00
# Visual Studio Version 16
VisualStudioVersion = 16.0.30204.135
MinimumVisualStudioVersion = 10.0.40219.1
Project("{FAE04EC0-301F-11D3-BF4B-00C04F79EFBC}") = "TPOpenHouseMobile.Android", "TPOpenHouseMobile.Android\TPOpenHouseMobile.Android.csproj", "{65A9F1E9-90ED-4A7A-95E3-2863C6A11A5A}"
EndProject
Project("{FAE04EC0-301F-11D3-BF4B-00C04F79EFBC}") = "TPOpenHouseMobile", "TPOpenHouseMobile\TPOpenHouseMobile.csproj", "{1B855156-B998-4E0E-8D2C-9E9B0D3D5FA9}"
EndProject
Global
	GlobalSection(SolutionConfigurationPlatforms) = preSolution
		Debug|Any CPU = Debug|Any CPU
		Release|Any CPU = Release|Any CPU
	EndGlobalSection
	GlobalSection(ProjectConfigurationPlatforms) = postSolution
		{65A9F1E9-90ED-4A7A-95E3-2863C6A11A5A}.Debug|Any CPU.ActiveCfg = Debug|Any CPU
		{65A9F1E9-90ED-4A7A-95E3-2863C6A11A5A}.Debug|Any CPU.Build.0 = Debug|Any CPU
		{65A9F1E9-90ED-4A7A-95E3-2863C6A11A5A}.Debug|Any CPU.Deploy.0 = Debug|Any CPU
		{65A9F1E9-90ED-4A7A-95E3-2863C6A11A5A}.Release|Any CPU.ActiveCfg = Release|Any CPU
		{65A9F1E9-90ED-4A7A-95E3-2863C6A11A5A}.Release|Any CPU.Build.0 = Release|Any CPU
		{65A9F1E9-90ED-4A7A-95E3-2863C6A11A5A}.Release|Any CPU.Deploy.0 = Release|Any CPU
		{1B855156-B998-4E0E-8D2C-9E9B0D3D5FA9}.Debug|Any CPU.ActiveCfg = Debug|Any CPU
		{1B855156-B998-4E0E-8D2C-9E9B0D3D5FA9}.Debug|Any CPU.Build.0 = Debug|Any CPU
		{1B855156-B998-4E0E-8D2C-9E9B0D3D5FA9}.Debug|Any CPU.Deploy.0 = Debug|Any CPU
		{1B855156-B998-4E0E-8D2C-9E9B0D3D5FA9}.Release|Any CPU.ActiveCfg = Release|Any CPU
		{1B855156-B998-4E0E-8D2C-9E9B0D3D5FA9}.Release|Any CPU.Build.0 = Release|Any CPU
		{1B855156-B998-4E0E-8D2C-9E9B0D3D5FA9}.Release|Any CPU.Deploy.0 = Release|Any CPU
	EndGlobalSection
	GlobalSection(SolutionProperties) = preSolution
		HideSolutionNode = FALSE
	EndGlobalSection
	GlobalSection(ExtensibilityGlobals) = postSolution
		SolutionGuid = {323C6EFB-D2C6-4FFB-9855-8F0722D93E7B}
	EndGlobalSection
EndGlobal
